
Microsoft Visual Studio Solution File, Format Version 12.00
# Visual Studio Version 17
VisualStudioVersion = 17.0.32002.185
MinimumVisualStudioVersion = 10.0.40219.1
Project("{FAE04EC0-301F-11D3-BF4B-00C04F79EFBC}") = "TesteVendas", "TesteVendas.csproj", "{B499CC79-E2B3-42FF-ADB5-07D1F39E499C}"
EndProject
Global
	GlobalSection(SolutionConfigurationPlatforms) = preSolution
		Debug|Any CPU = Debug|Any CPU
		Release|Any CPU = Release|Any CPU
	EndGlobalSection
	GlobalSection(ProjectConfigurationPlatforms) = postSolution
		{B499CC79-E2B3-42FF-ADB5-07D1F39E499C}.Debug|Any CPU.ActiveCfg = Debug|Any CPU
		{B499CC79-E2B3-42FF-ADB5-07D1F39E499C}.Debug|Any CPU.Build.0 = Debug|Any CPU
		{B499CC79-E2B3-42FF-ADB5-07D1F39E499C}.Release|Any CPU.ActiveCfg = Release|Any CPU
		{B499CC79-E2B3-42FF-ADB5-07D1F39E499C}.Release|Any CPU.Build.0 = Release|Any CPU
	EndGlobalSection
	GlobalSection(SolutionProperties) = preSolution
		HideSolutionNode = FALSE
	EndGlobalSection
	GlobalSection(ExtensibilityGlobals) = postSolution
		SolutionGuid = {F0231C47-C944-4290-875C-CFA0C805DF57}
	EndGlobalSection
EndGlobal
